
Microsoft Visual Studio Solution File, Format Version 12.00
# Visual Studio Version 16
VisualStudioVersion = 16.0.29409.12
MinimumVisualStudioVersion = 10.0.40219.1
Project("{8BC9CEB8-8B4A-11D0-8D11-00A0C91BC942}") = "MLS2D", "MLS2D\MLS2D.vcxproj", "{00994983-CCF0-4786-92AE-BA1968E8AC76}"
EndProject
Global
	GlobalSection(SolutionConfigurationPlatforms) = preSolution
		Debug|x64 = Debug|x64
		Debug|x86 = Debug|x86
		Release|x64 = Release|x64
		Release|x86 = Release|x86
	EndGlobalSection
	GlobalSection(ProjectConfigurationPlatforms) = postSolution
		{00994983-CCF0-4786-92AE-BA1968E8AC76}.Debug|x64.ActiveCfg = Debug|x64
		{00994983-CCF0-4786-92AE-BA1968E8AC76}.Debug|x64.Build.0 = Debug|x64
		{00994983-CCF0-4786-92AE-BA1968E8AC76}.Debug|x86.ActiveCfg = Debug|Win32
		{00994983-CCF0-4786-92AE-BA1968E8AC76}.Debug|x86.Build.0 = Debug|Win32
		{00994983-CCF0-4786-92AE-BA1968E8AC76}.Release|x64.ActiveCfg = Release|x64
		{00994983-CCF0-4786-92AE-BA1968E8AC76}.Release|x64.Build.0 = Release|x64
		{00994983-CCF0-4786-92AE-BA1968E8AC76}.Release|x86.ActiveCfg = Release|Win32
		{00994983-CCF0-4786-92AE-BA1968E8AC76}.Release|x86.Build.0 = Release|Win32
	EndGlobalSection
	GlobalSection(SolutionProperties) = preSolution
		HideSolutionNode = FALSE
	EndGlobalSection
	GlobalSection(ExtensibilityGlobals) = postSolution
		SolutionGuid = {6A82669D-4848-4EFD-AA0C-FB9C0AA1CFA7}
	EndGlobalSection
EndGlobal
